
Microsoft Visual Studio Solution File, Format Version 12.00
# Visual Studio 2013
VisualStudioVersion = 12.0.31101.0
MinimumVisualStudioVersion = 10.0.40219.1
Project("{FAE04EC0-301F-11D3-BF4B-00C04F79EFBC}") = "gittest", "gittest\gittest.csproj", "{D9F78BB5-2D2C-49DD-961E-EE290B546F4B}"
EndProject
Global
	GlobalSection(SolutionConfigurationPlatforms) = preSolution
		Debug|Any CPU = Debug|Any CPU
		Release|Any CPU = Release|Any CPU
	EndGlobalSection
	GlobalSection(ProjectConfigurationPlatforms) = postSolution
		{D9F78BB5-2D2C-49DD-961E-EE290B546F4B}.Debug|Any CPU.ActiveCfg = Debug|Any CPU
		{D9F78BB5-2D2C-49DD-961E-EE290B546F4B}.Debug|Any CPU.Build.0 = Debug|Any CPU
		{D9F78BB5-2D2C-49DD-961E-EE290B546F4B}.Release|Any CPU.ActiveCfg = Release|Any CPU
		{D9F78BB5-2D2C-49DD-961E-EE290B546F4B}.Release|Any CPU.Build.0 = Release|Any CPU
	EndGlobalSection
	GlobalSection(SolutionProperties) = preSolution
		HideSolutionNode = FALSE
	EndGlobalSection
EndGlobal
